
Microsoft Visual Studio Solution File, Format Version 11.00
# Visual Studio 2010
Project("{FAE04EC0-301F-11D3-BF4B-00C04F79EFBC}") = "Space ship", "Assembly-CSharp-firstpass.csproj", "{05F6A037-B1A3-5B3E-6811-9B4044696916}"
EndProject
Project("{FAE04EC0-301F-11D3-BF4B-00C04F79EFBC}") = "Space ship", "Assembly-CSharp.csproj", "{E3B50B1D-E971-F46F-192B-19725A11EDA9}"
EndProject
Project("{FAE04EC0-301F-11D3-BF4B-00C04F79EFBC}") = "Space ship", "Assembly-CSharp-Editor-firstpass.csproj", "{AFE37D2A-5B69-7BEA-722A-1FE34AE3258A}"
EndProject
Global
	GlobalSection(SolutionConfigurationPlatforms) = preSolution
		Debug|Any CPU = Debug|Any CPU
		Release|Any CPU = Release|Any CPU
	EndGlobalSection
	GlobalSection(ProjectConfigurationPlatforms) = postSolution
		{05F6A037-B1A3-5B3E-6811-9B4044696916}.Debug|Any CPU.ActiveCfg = Debug|Any CPU
		{05F6A037-B1A3-5B3E-6811-9B4044696916}.Debug|Any CPU.Build.0 = Debug|Any CPU
		{05F6A037-B1A3-5B3E-6811-9B4044696916}.Release|Any CPU.ActiveCfg = Release|Any CPU
		{05F6A037-B1A3-5B3E-6811-9B4044696916}.Release|Any CPU.Build.0 = Release|Any CPU
		{E3B50B1D-E971-F46F-192B-19725A11EDA9}.Debug|Any CPU.ActiveCfg = Debug|Any CPU
		{E3B50B1D-E971-F46F-192B-19725A11EDA9}.Debug|Any CPU.Build.0 = Debug|Any CPU
		{E3B50B1D-E971-F46F-192B-19725A11EDA9}.Release|Any CPU.ActiveCfg = Release|Any CPU
		{E3B50B1D-E971-F46F-192B-19725A11EDA9}.Release|Any CPU.Build.0 = Release|Any CPU
		{AFE37D2A-5B69-7BEA-722A-1FE34AE3258A}.Debug|Any CPU.ActiveCfg = Debug|Any CPU
		{AFE37D2A-5B69-7BEA-722A-1FE34AE3258A}.Debug|Any CPU.Build.0 = Debug|Any CPU
		{AFE37D2A-5B69-7BEA-722A-1FE34AE3258A}.Release|Any CPU.ActiveCfg = Release|Any CPU
		{AFE37D2A-5B69-7BEA-722A-1FE34AE3258A}.Release|Any CPU.Build.0 = Release|Any CPU
	EndGlobalSection
	GlobalSection(SolutionProperties) = preSolution
		HideSolutionNode = FALSE
	EndGlobalSection
	GlobalSection(MonoDevelopProperties) = preSolution
		StartupItem = Assembly-CSharp.csproj
	EndGlobalSection
EndGlobal
